// !$*UTF8*$!
{
	archiveVersion = 1;
	classes = {
	};
	objectVersion = 55;
	objects = {

/* Begin PBXBuildFile section */
		257AC65828007CA40043E503 /* AppDelegate.swift in Sources */ = {isa = PBXBuildFile; fileRef = 257AC65728007CA40043E503 /* AppDelegate.swift */; };
		257AC65A28007CA40043E503 /* SceneDelegate.swift in Sources */ = {isa = PBXBuildFile; fileRef = 257AC65928007CA40043E503 /* SceneDelegate.swift */; };
		257AC65C28007CA40043E503 /* ViewController.swift in Sources */ = {isa = PBXBuildFile; fileRef = 257AC65B28007CA40043E503 /* ViewController.swift */; };
		257AC65F28007CA40043E503 /* Main.storyboard in Resources */ = {isa = PBXBuildFile; fileRef = 257AC65D28007CA40043E503 /* Main.storyboard */; };
		257AC66128007CA50043E503 /* Assets.xcassets in Resources */ = {isa = PBXBuildFile; fileRef = 257AC66028007CA50043E503 /* Assets.xcassets */; };
		257AC66428007CA50043E503 /* LaunchScreen.storyboard in Resources */ = {isa = PBXBuildFile; fileRef = 257AC66228007CA50043E503 /* LaunchScreen.storyboard */; };
		257AC66F28007CA50043E503 /* frogtestTests.swift in Sources */ = {isa = PBXBuildFile; fileRef = 257AC66E28007CA50043E503 /* frogtestTests.swift */; };
		257AC67928007CA50043E503 /* frogtestUITests.swift in Sources */ = {isa = PBXBuildFile; fileRef = 257AC67828007CA50043E503 /* frogtestUITests.swift */; };
		257AC67B28007CA50043E503 /* frogtestUITestsLaunchTests.swift in Sources */ = {isa = PBXBuildFile; fileRef = 257AC67A28007CA50043E503 /* frogtestUITestsLaunchTests.swift */; };
/* End PBXBuildFile section */

/* Begin PBXContainerItemProxy section */
		257AC66B28007CA50043E503 /* PBXContainerItemProxy */ = {
			isa = PBXContainerItemProxy;
			containerPortal = 257AC64C28007CA40043E503 /* Project object */;
			proxyType = 1;
			remoteGlobalIDString = 257AC65328007CA40043E503;
			remoteInfo = frogtest;
		};
		257AC67528007CA50043E503 /* PBXContainerItemProxy */ = {
			isa = PBXContainerItemProxy;
			containerPortal = 257AC64C28007CA40043E503 /* Project object */;
			proxyType = 1;
			remoteGlobalIDString = 257AC65328007CA40043E503;
			remoteInfo = frogtest;
		};
/* End PBXContainerItemProxy section */

/* Begin PBXFileReference section */
		257AC65428007CA40043E503 /* frogtest.app */ = {isa = PBXFileReference; explicitFileType = wrapper.application; includeInIndex = 0; path = frogtest.app; sourceTree = BUILT_PRODUCTS_DIR; };
		257AC65728007CA40043E503 /* AppDelegate.swift */ = {isa = PBXFileReference; lastKnownFileType = sourcecode.swift; path = AppDelegate.swift; sourceTree = "<group>"; };
		257AC65928007CA40043E503 /* SceneDelegate.swift */ = {isa = PBXFileReference; lastKnownFileType = sourcecode.swift; path = SceneDelegate.swift; sourceTree = "<group>"; };
		257AC65B28007CA40043E503 /* ViewController.swift */ = {isa = PBXFileReference; lastKnownFileType = sourcecode.swift; path = ViewController.swift; sourceTree = "<group>"; };
		257AC65E28007CA40043E503 /* Base */ = {isa = PBXFileReference; lastKnownFileType = file.storyboard; name = Base; path = Base.lproj/Main.storyboard; sourceTree = "<group>"; };
		257AC66028007CA50043E503 /* Assets.xcassets */ = {isa = PBXFileReference; lastKnownFileType = folder.assetcatalog; path = Assets.xcassets; sourceTree = "<group>"; };
		257AC66328007CA50043E503 /* Base */ = {isa = PBXFileReference; lastKnownFileType = file.storyboard; name = Base; path = Base.lproj/LaunchScreen.storyboard; sourceTree = "<group>"; };
		257AC66528007CA50043E503 /* Info.plist */ = {isa = PBXFileReference; lastKnownFileType = text.plist.xml; path = Info.plist; sourceTree = "<group>"; };
		257AC66A28007CA50043E503 /* frogtestTests.xctest */ = {isa = PBXFileReference; explicitFileType = wrapper.cfbundle; includeInIndex = 0; path = frogtestTests.xctest; sourceTree = BUILT_PRODUCTS_DIR; };
		257AC66E28007CA50043E503 /* frogtestTests.swift */ = {isa = PBXFileReference; lastKnownFileType = sourcecode.swift; path = frogtestTests.swift; sourceTree = "<group>"; };
		257AC67428007CA50043E503 /* frogtestUITests.xctest */ = {isa = PBXFileReference; explicitFileType = wrapper.cfbundle; includeInIndex = 0; path = frogtestUITests.xctest; sourceTree = BUILT_PRODUCTS_DIR; };
		257AC67828007CA50043E503 /* frogtestUITests.swift */ = {isa = PBXFileReference; lastKnownFileType = sourcecode.swift; path = frogtestUITests.swift; sourceTree = "<group>"; };
		257AC67A28007CA50043E503 /* frogtestUITestsLaunchTests.swift */ = {isa = PBXFileReference; lastKnownFileType = sourcecode.swift; path = frogtestUITestsLaunchTests.swift; sourceTree = "<group>"; };
/* End PBXFileReference section */

/* Begin PBXFrameworksBuildPhase section */
		257AC65128007CA40043E503 /* Frameworks */ = {
			isa = PBXFrameworksBuildPhase;
			buildActionMask = 2147483647;
			files = (
			);
			runOnlyForDeploymentPostprocessing = 0;
		};
		257AC66728007CA50043E503 /* Frameworks */ = {
			isa = PBXFrameworksBuildPhase;
			buildActionMask = 2147483647;
			files = (
			);
			runOnlyForDeploymentPostprocessing = 0;
		};
		257AC67128007CA50043E503 /* Frameworks */ = {
			isa = PBXFrameworksBuildPhase;
			buildActionMask = 2147483647;
			files = (
			);
			runOnlyForDeploymentPostprocessing = 0;
		};
/* End PBXFrameworksBuildPhase section */

/* Begin PBXGroup section */
		257AC64B28007CA40043E503 = {
			isa = PBXGroup;
			children = (
				257AC65628007CA40043E503 /* frogtest */,
				257AC66D28007CA50043E503 /* frogtestTests */,
				257AC67728007CA50043E503 /* frogtestUITests */,
				257AC65528007CA40043E503 /* Products */,
			);
			sourceTree = "<group>";
		};
		257AC65528007CA40043E503 /* Products */ = {
			isa = PBXGroup;
			children = (
				257AC65428007CA40043E503 /* frogtest.app */,
				257AC66A28007CA50043E503 /* frogtestTests.xctest */,
				257AC67428007CA50043E503 /* frogtestUITests.xctest */,
			);
			name = Products;
			sourceTree = "<group>";
		};
		257AC65628007CA40043E503 /* frogtest */ = {
			isa = PBXGroup;
			children = (
				257AC65728007CA40043E503 /* AppDelegate.swift */,
				257AC65928007CA40043E503 /* SceneDelegate.swift */,
				257AC65B28007CA40043E503 /* ViewController.swift */,
				257AC65D28007CA40043E503 /* Main.storyboard */,
				257AC66028007CA50043E503 /* Assets.xcassets */,
				257AC66228007CA50043E503 /* LaunchScreen.storyboard */,
				257AC66528007CA50043E503 /* Info.plist */,
			);
			path = frogtest;
			sourceTree = "<group>";
		};
		257AC66D28007CA50043E503 /* frogtestTests */ = {
			isa = PBXGroup;
			children = (
				257AC66E28007CA50043E503 /* frogtestTests.swift */,
			);
			path = frogtestTests;
			sourceTree = "<group>";
		};
		257AC67728007CA50043E503 /* frogtestUITests */ = {
			isa = PBXGroup;
			children = (
				257AC67828007CA50043E503 /* frogtestUITests.swift */,
				257AC67A28007CA50043E503 /* frogtestUITestsLaunchTests.swift */,
			);
			path = frogtestUITests;
			sourceTree = "<group>";
		};
/* End PBXGroup section */

/* Begin PBXNativeTarget section */
		257AC65328007CA40043E503 /* frogtest */ = {
			isa = PBXNativeTarget;
			buildConfigurationList = 257AC67E28007CA50043E503 /* Build configuration list for PBXNativeTarget "frogtest" */;
			buildPhases = (
				257AC65028007CA40043E503 /* Sources */,
				257AC65128007CA40043E503 /* Frameworks */,
				257AC65228007CA40043E503 /* Resources */,
			);
			buildRules = (
			);
			dependencies = (
			);
			name = frogtest;
			productName = frogtest;
			productReference = 257AC65428007CA40043E503 /* frogtest.app */;
			productType = "com.apple.product-type.application";
		};
		257AC66928007CA50043E503 /* frogtestTests */ = {
			isa = PBXNativeTarget;
			buildConfigurationList = 257AC68128007CA50043E503 /* Build configuration list for PBXNativeTarget "frogtestTests" */;
			buildPhases = (
				257AC66628007CA50043E503 /* Sources */,
				257AC66728007CA50043E503 /* Frameworks */,
				257AC66828007CA50043E503 /* Resources */,
			);
			buildRules = (
			);
			dependencies = (
				257AC66C28007CA50043E503 /* PBXTargetDependency */,
			);
			name = frogtestTests;
			productName = frogtestTests;
			productReference = 257AC66A28007CA50043E503 /* frogtestTests.xctest */;
			productType = "com.apple.product-type.bundle.unit-test";
		};
		257AC67328007CA50043E503 /* frogtestUITests */ = {
			isa = PBXNativeTarget;
			buildConfigurationList = 257AC68428007CA50043E503 /* Build configuration list for PBXNativeTarget "frogtestUITests" */;
			buildPhases = (
				257AC67028007CA50043E503 /* Sources */,
				257AC67128007CA50043E503 /* Frameworks */,
				257AC67228007CA50043E503 /* Resources */,
			);
			buildRules = (
			);
			dependencies = (
				257AC67628007CA50043E503 /* PBXTargetDependency */,
			);
			name = frogtestUITests;
			productName = frogtestUITests;
			productReference = 257AC67428007CA50043E503 /* frogtestUITests.xctest */;
			productType = "com.apple.product-type.bundle.ui-testing";
		};
/* End PBXNativeTarget section */

/* Begin PBXProject section */
		257AC64C28007CA40043E503 /* Project object */ = {
			isa = PBXProject;
			attributes = {
				BuildIndependentTargetsInParallel = 1;
				LastSwiftUpdateCheck = 1330;
				LastUpgradeCheck = 1330;
				TargetAttributes = {
					257AC65328007CA40043E503 = {
						CreatedOnToolsVersion = 13.3;
					};
					257AC66928007CA50043E503 = {
						CreatedOnToolsVersion = 13.3;
						TestTargetID = 257AC65328007CA40043E503;
					};
					257AC67328007CA50043E503 = {
						CreatedOnToolsVersion = 13.3;
						TestTargetID = 257AC65328007CA40043E503;
					};
				};
			};
			buildConfigurationList = 257AC64F28007CA40043E503 /* Build configuration list for PBXProject "frogtest" */;
			compatibilityVersion = "Xcode 13.0";
			developmentRegion = en;
			hasScannedForEncodings = 0;
			knownRegions = (
				en,
				Base,
			);
			mainGroup = 257AC64B28007CA40043E503;
			productRefGroup = 257AC65528007CA40043E503 /* Products */;
			projectDirPath = "";
			projectRoot = "";
			targets = (
				257AC65328007CA40043E503 /* frogtest */,
				257AC66928007CA50043E503 /* frogtestTests */,
				257AC67328007CA50043E503 /* frogtestUITests */,
			);
		};
/* End PBXProject section */

/* Begin PBXResourcesBuildPhase section */
		257AC65228007CA40043E503 /* Resources */ = {
			isa = PBXResourcesBuildPhase;
			buildActionMask = 2147483647;
			files = (
				257AC66428007CA50043E503 /* LaunchScreen.storyboard in Resources */,
				257AC66128007CA50043E503 /* Assets.xcassets in Resources */,
				257AC65F28007CA40043E503 /* Main.storyboard in Resources */,
			);
			runOnlyForDeploymentPostprocessing = 0;
		};
		257AC66828007CA50043E503 /* Resources */ = {
			isa = PBXResourcesBuildPhase;
			buildActionMask = 2147483647;
			files = (
			);
			runOnlyForDeploymentPostprocessing = 0;
		};
		257AC67228007CA50043E503 /* Resources */ = {
			isa = PBXResourcesBuildPhase;
			buildActionMask = 2147483647;
			files = (
			);
			runOnlyForDeploymentPostprocessing = 0;
		};
/* End PBXResourcesBuildPhase section */

/* Begin PBXSourcesBuildPhase section */
		257AC65028007CA40043E503 /* Sources */ = {
			isa = PBXSourcesBuildPhase;
			buildActionMask = 2147483647;
			files = (
				257AC65C28007CA40043E503 /* ViewController.swift in Sources */,
				257AC65828007CA40043E503 /* AppDelegate.swift in Sources */,
				257AC65A28007CA40043E503 /* SceneDelegate.swift in Sources */,
			);
			runOnlyForDeploymentPostprocessing = 0;
		};
		257AC66628007CA50043E503 /* Sources */ = {
			isa = PBXSourcesBuildPhase;
			buildActionMask = 2147483647;
			files = (
				257AC66F28007CA50043E503 /* frogtestTests.swift in Sources */,
			);
			runOnlyForDeploymentPostprocessing = 0;
		};
		257AC67028007CA50043E503 /* Sources */ = {
			isa = PBXSourcesBuildPhase;
			buildActionMask = 2147483647;
			files = (
				257AC67B28007CA50043E503 /* frogtestUITestsLaunchTests.swift in Sources */,
				257AC67928007CA50043E503 /* frogtestUITests.swift in Sources */,
			);
			runOnlyForDeploymentPostprocessing = 0;
		};
/* End PBXSourcesBuildPhase section */

/* Begin PBXTargetDependency section */
		257AC66C28007CA50043E503 /* PBXTargetDependency */ = {
			isa = PBXTargetDependency;
			target = 257AC65328007CA40043E503 /* frogtest */;
			targetProxy = 257AC66B28007CA50043E503 /* PBXContainerItemProxy */;
		};
		257AC67628007CA50043E503 /* PBXTargetDependency */ = {
			isa = PBXTargetDependency;
			target = 257AC65328007CA40043E503 /* frogtest */;
			targetProxy = 257AC67528007CA50043E503 /* PBXContainerItemProxy */;
		};
/* End PBXTargetDependency section */

/* Begin PBXVariantGroup section */
		257AC65D28007CA40043E503 /* Main.storyboard */ = {
			isa = PBXVariantGroup;
			children = (
				257AC65E28007CA40043E503 /* Base */,
			);
			name = Main.storyboard;
			sourceTree = "<group>";
		};
		257AC66228007CA50043E503 /* LaunchScreen.storyboard */ = {
			isa = PBXVariantGroup;
			children = (
				257AC66328007CA50043E503 /* Base */,
			);
			name = LaunchScreen.storyboard;
			sourceTree = "<group>";
		};
/* End PBXVariantGroup section */

/* Begin XCBuildConfiguration section */
		257AC67C28007CA50043E503 /* Debug */ = {
			isa = XCBuildConfiguration;
			buildSettings = {
				ALWAYS_SEARCH_USER_PATHS = NO;
				CLANG_ANALYZER_NONNULL = YES;
				CLANG_ANALYZER_NUMBER_OBJECT_CONVERSION = YES_AGGRESSIVE;
				CLANG_CXX_LANGUAGE_STANDARD = "gnu++17";
				CLANG_ENABLE_MODULES = YES;
				CLANG_ENABLE_OBJC_ARC = YES;
				CLANG_ENABLE_OBJC_WEAK = YES;
				CLANG_WARN_BLOCK_CAPTURE_AUTORELEASING = YES;
				CLANG_WARN_BOOL_CONVERSION = YES;
				CLANG_WARN_COMMA = YES;
				CLANG_WARN_CONSTANT_CONVERSION = YES;
				CLANG_WARN_DEPRECATED_OBJC_IMPLEMENTATIONS = YES;
				CLANG_WARN_DIRECT_OBJC_ISA_USAGE = YES_ERROR;
				CLANG_WARN_DOCUMENTATION_COMMENTS = YES;
				CLANG_WARN_EMPTY_BODY = YES;
				CLANG_WARN_ENUM_CONVERSION = YES;
				CLANG_WARN_INFINITE_RECURSION = YES;
				CLANG_WARN_INT_CONVERSION = YES;
				CLANG_WARN_NON_LITERAL_NULL_CONVERSION = YES;
				CLANG_WARN_OBJC_IMPLICIT_RETAIN_SELF = YES;
				CLANG_WARN_OBJC_LITERAL_CONVERSION = YES;
				CLANG_WARN_OBJC_ROOT_CLASS = YES_ERROR;
				CLANG_WARN_QUOTED_INCLUDE_IN_FRAMEWORK_HEADER = YES;
				CLANG_WARN_RANGE_LOOP_ANALYSIS = YES;
				CLANG_WARN_STRICT_PROTOTYPES = YES;
				CLANG_WARN_SUSPICIOUS_MOVE = YES;
				CLANG_WARN_UNGUARDED_AVAILABILITY = YES_AGGRESSIVE;
				CLANG_WARN_UNREACHABLE_CODE = YES;
				CLANG_WARN__DUPLICATE_METHOD_MATCH = YES;
				COPY_PHASE_STRIP = NO;
				DEBUG_INFORMATION_FORMAT = dwarf;
				ENABLE_STRICT_OBJC_MSGSEND = YES;
				ENABLE_TESTABILITY = YES;
				GCC_C_LANGUAGE_STANDARD = gnu11;
				GCC_DYNAMIC_NO_PIC = NO;
				GCC_NO_COMMON_BLOCKS = YES;
				GCC_OPTIMIZATION_LEVEL = 0;
				GCC_PREPROCESSOR_DEFINITIONS = (
					"DEBUG=1",
					"$(inherited)",
				);
				GCC_WARN_64_TO_32_BIT_CONVERSION = YES;
				GCC_WARN_ABOUT_RETURN_TYPE = YES_ERROR;
				GCC_WARN_UNDECLARED_SELECTOR = YES;
				GCC_WARN_UNINITIALIZED_AUTOS = YES_AGGRESSIVE;
				GCC_WARN_UNUSED_FUNCTION = YES;
				GCC_WARN_UNUSED_VARIABLE = YES;
				IPHONEOS_DEPLOYMENT_TARGET = 15.4;
				MTL_ENABLE_DEBUG_INFO = INCLUDE_SOURCE;
				MTL_FAST_MATH = YES;
				ONLY_ACTIVE_ARCH = YES;
				SDKROOT = iphoneos;
				SWIFT_ACTIVE_COMPILATION_CONDITIONS = DEBUG;
				SWIFT_OPTIMIZATION_LEVEL = "-Onone";
			};
			name = Debug;
		};
		257AC67D28007CA50043E503 /* Release */ = {
			isa = XCBuildConfiguration;
			buildSettings = {
				ALWAYS_SEARCH_USER_PATHS = NO;
				CLANG_ANALYZER_NONNULL = YES;
				CLANG_ANALYZER_NUMBER_OBJECT_CONVERSION = YES_AGGRESSIVE;
				CLANG_CXX_LANGUAGE_STANDARD = "gnu++17";
				CLANG_ENABLE_MODULES = YES;
				CLANG_ENABLE_OBJC_ARC = YES;
				CLANG_ENABLE_OBJC_WEAK = YES;
				CLANG_WARN_BLOCK_CAPTURE_AUTORELEASING = YES;
				CLANG_WARN_BOOL_CONVERSION = YES;
				CLANG_WARN_COMMA = YES;
				CLANG_WARN_CONSTANT_CONVERSION = YES;
				CLANG_WARN_DEPRECATED_OBJC_IMPLEMENTATIONS = YES;
				CLANG_WARN_DIRECT_OBJC_ISA_USAGE = YES_ERROR;
				CLANG_WARN_DOCUMENTATION_COMMENTS = YES;
				CLANG_WARN_EMPTY_BODY = YES;
				CLANG_WARN_ENUM_CONVERSION = YES;
				CLANG_WARN_INFINITE_RECURSION = YES;
				CLANG_WARN_INT_CONVERSION = YES;
				CLANG_WARN_NON_LITERAL_NULL_CONVERSION = YES;
				CLANG_WARN_OBJC_IMPLICIT_RETAIN_SELF = YES;
				CLANG_WARN_OBJC_LITERAL_CONVERSION = YES;
				CLANG_WARN_OBJC_ROOT_CLASS = YES_ERROR;
				CLANG_WARN_QUOTED_INCLUDE_IN_FRAMEWORK_HEADER = YES;
				CLANG_WARN_RANGE_LOOP_ANALYSIS = YES;
				CLANG_WARN_STRICT_PROTOTYPES = YES;
				CLANG_WARN_SUSPICIOUS_MOVE = YES;
				CLANG_WARN_UNGUARDED_AVAILABILITY = YES_AGGRESSIVE;
				CLANG_WARN_UNREACHABLE_CODE = YES;
				CLANG_WARN__DUPLICATE_METHOD_MATCH = YES;
				COPY_PHASE_STRIP = NO;
				DEBUG_INFORMATION_FORMAT = "dwarf-with-dsym";
				ENABLE_NS_ASSERTIONS = NO;
				ENABLE_STRICT_OBJC_MSGSEND = YES;
				GCC_C_LANGUAGE_STANDARD = gnu11;
				GCC_NO_COMMON_BLOCKS = YES;
				GCC_WARN_64_TO_32_BIT_CONVERSION = YES;
				GCC_WARN_ABOUT_RETURN_TYPE = YES_ERROR;
				GCC_WARN_UNDECLARED_SELECTOR = YES;
				GCC_WARN_UNINITIALIZED_AUTOS = YES_AGGRESSIVE;
				GCC_WARN_UNUSED_FUNCTION = YES;
				GCC_WARN_UNUSED_VARIABLE = YES;
				IPHONEOS_DEPLOYMENT_TARGET = 15.4;
				MTL_ENABLE_DEBUG_INFO = NO;
				MTL_FAST_MATH = YES;
				SDKROOT = iphoneos;
				SWIFT_COMPILATION_MODE = wholemodule;
				SWIFT_OPTIMIZATION_LEVEL = "-O";
				VALIDATE_PRODUCT = YES;
			};
			name = Release;
		};
		257AC67F28007CA50043E503 /* Debug */ = {
			isa = XCBuildConfiguration;
			buildSettings = {
				ASSETCATALOG_COMPILER_APPICON_NAME = AppIcon;
				ASSETCATALOG_COMPILER_GLOBAL_ACCENT_COLOR_NAME = AccentColor;
				CODE_SIGN_STYLE = Automatic;
				CURRENT_PROJECT_VERSION = 1;
				DEVELOPMENT_TEAM = 7G6UFDRU64;
				GENERATE_INFOPLIST_FILE = YES;
				INFOPLIST_FILE = frogtest/Info.plist;
				INFOPLIST_KEY_UIApplicationSupportsIndirectInputEvents = YES;
				INFOPLIST_KEY_UILaunchStoryboardName = LaunchScreen;
				INFOPLIST_KEY_UIMainStoryboardFile = Main;
				INFOPLIST_KEY_UISupportedInterfaceOrientations_iPad = "UIInterfaceOrientationPortrait UIInterfaceOrientationPortraitUpsideDown UIInterfaceOrientationLandscapeLeft UIInterfaceOrientationLandscapeRight";
				INFOPLIST_KEY_UISupportedInterfaceOrientations_iPhone = "UIInterfaceOrientationPortrait UIInterfaceOrientationLandscapeLeft UIInterfaceOrientationLandscapeRight";
				LD_RUNPATH_SEARCH_PATHS = (
					"$(inherited)",
					"@executable_path/Frameworks",
				);
				MARKETING_VERSION = 1.0;
				PRODUCT_BUNDLE_IDENTIFIER = com.toch.frogtest;
				PRODUCT_NAME = "$(TARGET_NAME)";
				SWIFT_EMIT_LOC_STRINGS = YES;
				SWIFT_VERSION = 5.0;
				TARGETED_DEVICE_FAMILY = "1,2";
			};
			name = Debug;
		};
		257AC68028007CA50043E503 /* Release */ = {
			isa = XCBuildConfiguration;
			buildSettings = {
				ASSETCATALOG_COMPILER_APPICON_NAME = AppIcon;
				ASSETCATALOG_COMPILER_GLOBAL_ACCENT_COLOR_NAME = AccentColor;
				CODE_SIGN_STYLE = Automatic;
				CURRENT_PROJECT_VERSION = 1;
				DEVELOPMENT_TEAM = 7G6UFDRU64;
				GENERATE_INFOPLIST_FILE = YES;
				INFOPLIST_FILE = frogtest/Info.plist;
				INFOPLIST_KEY_UIApplicationSupportsIndirectInputEvents = YES;
				INFOPLIST_KEY_UILaunchStoryboardName = LaunchScreen;
				INFOPLIST_KEY_UIMainStoryboardFile = Main;
				INFOPLIST_KEY_UISupportedInterfaceOrientations_iPad = "UIInterfaceOrientationPortrait UIInterfaceOrientationPortraitUpsideDown UIInterfaceOrientationLandscapeLeft UIInterfaceOrientationLandscapeRight";
				INFOPLIST_KEY_UISupportedInterfaceOrientations_iPhone = "UIInterfaceOrientationPortrait UIInterfaceOrientationLandscapeLeft UIInterfaceOrientationLandscapeRight";
				LD_RUNPATH_SEARCH_PATHS = (
					"$(inherited)",
					"@executable_path/Frameworks",
				);
				MARKETING_VERSION = 1.0;
				PRODUCT_BUNDLE_IDENTIFIER = com.toch.frogtest;
				PRODUCT_NAME = "$(TARGET_NAME)";
				SWIFT_EMIT_LOC_STRINGS = YES;
				SWIFT_VERSION = 5.0;
				TARGETED_DEVICE_FAMILY = "1,2";
			};
			name = Release;
		};
		257AC68228007CA50043E503 /* Debug */ = {
			isa = XCBuildConfiguration;
			buildSettings = {
				ALWAYS_EMBED_SWIFT_STANDARD_LIBRARIES = YES;
				BUNDLE_LOADER = "$(TEST_HOST)";
				CODE_SIGN_STYLE = Automatic;
				CURRENT_PROJECT_VERSION = 1;
				DEVELOPMENT_TEAM = 7G6UFDRU64;
				GENERATE_INFOPLIST_FILE = YES;
				IPHONEOS_DEPLOYMENT_TARGET = 15.4;
				MARKETING_VERSION = 1.0;
				PRODUCT_BUNDLE_IDENTIFIER = com.toch.frogtestTests;
				PRODUCT_NAME = "$(TARGET_NAME)";
				SWIFT_EMIT_LOC_STRINGS = NO;
				SWIFT_VERSION = 5.0;
				TARGETED_DEVICE_FAMILY = "1,2";
				TEST_HOST = "$(BUILT_PRODUCTS_DIR)/frogtest.app/frogtest";
			};
			name = Debug;
		};
		257AC68328007CA50043E503 /* Release */ = {
			isa = XCBuildConfiguration;
			buildSettings = {
				ALWAYS_EMBED_SWIFT_STANDARD_LIBRARIES = YES;
				BUNDLE_LOADER = "$(TEST_HOST)";
				CODE_SIGN_STYLE = Automatic;
				CURRENT_PROJECT_VERSION = 1;
				DEVELOPMENT_TEAM = 7G6UFDRU64;
				GENERATE_INFOPLIST_FILE = YES;
				IPHONEOS_DEPLOYMENT_TARGET = 15.4;
				MARKETING_VERSION = 1.0;
				PRODUCT_BUNDLE_IDENTIFIER = com.toch.frogtestTests;
				PRODUCT_NAME = "$(TARGET_NAME)";
				SWIFT_EMIT_LOC_STRINGS = NO;
				SWIFT_VERSION = 5.0;
				TARGETED_DEVICE_FAMILY = "1,2";
				TEST_HOST = "$(BUILT_PRODUCTS_DIR)/frogtest.app/frogtest";
			};
			name = Release;
		};
		257AC68528007CA50043E503 /* Debug */ = {
			isa = XCBuildConfiguration;
			buildSettings = {
				ALWAYS_EMBED_SWIFT_STANDARD_LIBRARIES = YES;
				CODE_SIGN_STYLE = Automatic;
				CURRENT_PROJECT_VERSION = 1;
				DEVELOPMENT_TEAM = 7G6UFDRU64;
				GENERATE_INFOPLIST_FILE = YES;
				MARKETING_VERSION = 1.0;
				PRODUCT_BUNDLE_IDENTIFIER = com.toch.frogtestUITests;
				PRODUCT_NAME = "$(TARGET_NAME)";
				SWIFT_EMIT_LOC_STRINGS = NO;
				SWIFT_VERSION = 5.0;
				TARGETED_DEVICE_FAMILY = "1,2";
				TEST_TARGET_NAME = frogtest;
			};
			name = Debug;
		};
		257AC68628007CA50043E503 /* Release */ = {
			isa = XCBuildConfiguration;
			buildSettings = {
				ALWAYS_EMBED_SWIFT_STANDARD_LIBRARIES = YES;
				CODE_SIGN_STYLE = Automatic;
				CURRENT_PROJECT_VERSION = 1;
				DEVELOPMENT_TEAM = 7G6UFDRU64;
				GENERATE_INFOPLIST_FILE = YES;
				MARKETING_VERSION = 1.0;
				PRODUCT_BUNDLE_IDENTIFIER = com.toch.frogtestUITests;
				PRODUCT_NAME = "$(TARGET_NAME)";
				SWIFT_EMIT_LOC_STRINGS = NO;
				SWIFT_VERSION = 5.0;
				TARGETED_DEVICE_FAMILY = "1,2";
				TEST_TARGET_NAME = frogtest;
			};
			name = Release;
		};
/* End XCBuildConfiguration section */

/* Begin XCConfigurationList section */
		257AC64F28007CA40043E503 /* Build configuration list for PBXProject "frogtest" */ = {
			isa = XCConfigurationList;
			buildConfigurations = (
				257AC67C28007CA50043E503 /* Debug */,
				257AC67D28007CA50043E503 /* Release */,
			);
			defaultConfigurationIsVisible = 0;
			defaultConfigurationName = Release;
		};
		257AC67E28007CA50043E503 /* Build configuration list for PBXNativeTarget "frogtest" */ = {
			isa = XCConfigurationList;
			buildConfigurations = (
				257AC67F28007CA50043E503 /* Debug */,
				257AC68028007CA50043E503 /* Release */,
			);
			defaultConfigurationIsVisible = 0;
			defaultConfigurationName = Release;
		};
		257AC68128007CA50043E503 /* Build configuration list for PBXNativeTarget "frogtestTests" */ = {
			isa = XCConfigurationList;
			buildConfigurations = (
				257AC68228007CA50043E503 /* Debug */,
				257AC68328007CA50043E503 /* Release */,
			);
			defaultConfigurationIsVisible = 0;
			defaultConfigurationName = Release;
		};
		257AC68428007CA50043E503 /* Build configuration list for PBXNativeTarget "frogtestUITests" */ = {
			isa = XCConfigurationList;
			buildConfigurations = (
				257AC68528007CA50043E503 /* Debug */,
				257AC68628007CA50043E503 /* Release */,
			);
			defaultConfigurationIsVisible = 0;
			defaultConfigurationName = Release;
		};
/* End XCConfigurationList section */
	};
	rootObject = 257AC64C28007CA40043E503 /* Project object */;
}
